version: 6
environments:
  default:
    channels:
    - url: https://conda.anaconda.org/conda-forge/
    packages:
      linux-64:
      - conda: https://conda.anaconda.org/conda-forge/linux-64/_libgcc_mutex-0.1-conda_forge.tar.bz2
      - conda: https://conda.anaconda.org/conda-forge/linux-64/_openmp_mutex-4.5-2_gnu.tar.bz2
      - conda: https://conda.anaconda.org/conda-forge/linux-64/binutils-2.44-h4852527_1.conda
      - conda: https://conda.anaconda.org/conda-forge/linux-64/binutils_impl_linux-64-2.44-h4bf12b8_1.conda
      - conda: https://conda.anaconda.org/conda-forge/linux-64/binutils_linux-64-2.44-h4852527_1.conda
      - conda: https://conda.anaconda.org/conda-forge/linux-64/bzip2-1.0.8-h4bc722e_7.conda
      - conda: https://conda.anaconda.org/conda-forge/linux-64/c-ares-1.34.5-hb9d3cd8_0.conda
      - conda: https://conda.anaconda.org/conda-forge/linux-64/c-compiler-1.11.0-h4d9bdce_0.conda
      - conda: https://conda.anaconda.org/conda-forge/noarch/ca-certificates-2025.8.3-hbd8a1cb_0.conda
      - conda: https://conda.anaconda.org/conda-forge/linux-64/ceres-solver-2.2.0-cpuhbc9e029_7.conda
      - conda: https://conda.anaconda.org/conda-forge/linux-64/cmake-4.1.1-hc85cc9f_0.conda
      - conda: https://conda.anaconda.org/conda-forge/linux-64/compilers-1.11.0-ha770c72_0.conda
      - conda: https://conda.anaconda.org/conda-forge/linux-64/conda-gcc-specs-14.3.0-hb991d5c_4.conda
      - conda: https://conda.anaconda.org/conda-forge/linux-64/cxx-compiler-1.11.0-hfcd1e18_0.conda
      - conda: https://conda.anaconda.org/conda-forge/linux-64/eigen-3.4.0-h00ab1b0_0.conda
      - conda: https://conda.anaconda.org/conda-forge/linux-64/fortran-compiler-1.11.0-h9bea470_0.conda
      - conda: https://conda.anaconda.org/conda-forge/linux-64/gcc-14.3.0-h76bdaa0_4.conda
      - conda: https://conda.anaconda.org/conda-forge/linux-64/gcc_impl_linux-64-14.3.0-hd9e9e21_4.conda
      - conda: https://conda.anaconda.org/conda-forge/linux-64/gcc_linux-64-14.3.0-h1382650_11.conda
      - conda: https://conda.anaconda.org/conda-forge/linux-64/gflags-2.2.2-h5888daf_1005.conda
      - conda: https://conda.anaconda.org/conda-forge/linux-64/gfortran-14.3.0-he448592_4.conda
      - conda: https://conda.anaconda.org/conda-forge/linux-64/gfortran_impl_linux-64-14.3.0-h7db7018_4.conda
      - conda: https://conda.anaconda.org/conda-forge/linux-64/gfortran_linux-64-14.3.0-h30a37f7_11.conda
      - conda: https://conda.anaconda.org/conda-forge/linux-64/glog-0.7.1-hbabe93e_0.conda
      - conda: https://conda.anaconda.org/conda-forge/linux-64/gmp-6.3.0-hac33072_2.conda
      - conda: https://conda.anaconda.org/conda-forge/linux-64/gxx-14.3.0-he448592_4.conda
      - conda: https://conda.anaconda.org/conda-forge/linux-64/gxx_impl_linux-64-14.3.0-he663afc_4.conda
      - conda: https://conda.anaconda.org/conda-forge/linux-64/gxx_linux-64-14.3.0-ha7acb78_11.conda
      - conda: https://conda.anaconda.org/conda-forge/noarch/kernel-headers_linux-64-4.18.0-he073ed8_8.conda
      - conda: https://conda.anaconda.org/conda-forge/linux-64/keyutils-1.6.3-hb9d3cd8_0.conda
      - conda: https://conda.anaconda.org/conda-forge/linux-64/krb5-1.21.3-h659f571_0.conda
      - conda: https://conda.anaconda.org/conda-forge/linux-64/ld_impl_linux-64-2.44-h1423503_1.conda
      - conda: https://conda.anaconda.org/conda-forge/linux-64/libamd-3.3.3-h456b2da_7100101.conda
      - conda: https://conda.anaconda.org/conda-forge/linux-64/libblas-3.9.0-34_h59b9bed_openblas.conda
      - conda: https://conda.anaconda.org/conda-forge/linux-64/libbtf-2.3.2-hf02c80a_7100101.conda
      - conda: https://conda.anaconda.org/conda-forge/linux-64/libcamd-3.3.3-hf02c80a_7100101.conda
      - conda: https://conda.anaconda.org/conda-forge/linux-64/libcblas-3.9.0-34_he106b2a_openblas.conda
      - conda: https://conda.anaconda.org/conda-forge/linux-64/libccolamd-3.3.4-hf02c80a_7100101.conda
      - conda: https://conda.anaconda.org/conda-forge/linux-64/libcholmod-5.3.1-h9cf07ce_7100101.conda
      - conda: https://conda.anaconda.org/conda-forge/linux-64/libcolamd-3.3.4-hf02c80a_7100101.conda
      - conda: https://conda.anaconda.org/conda-forge/linux-64/libcurl-8.14.1-h332b0f4_0.conda
      - conda: https://conda.anaconda.org/conda-forge/linux-64/libcxsparse-4.4.1-hf02c80a_7100101.conda
      - conda: https://conda.anaconda.org/conda-forge/linux-64/libedit-3.1.20250104-pl5321h7949ede_0.conda
      - conda: https://conda.anaconda.org/conda-forge/linux-64/libev-4.33-hd590300_2.conda
      - conda: https://conda.anaconda.org/conda-forge/linux-64/libexpat-2.7.1-hecca717_0.conda
      - conda: https://conda.anaconda.org/conda-forge/linux-64/libgcc-15.1.0-h767d61c_4.conda
      - conda: https://conda.anaconda.org/conda-forge/noarch/libgcc-devel_linux-64-14.3.0-h85bb3a7_104.conda
      - conda: https://conda.anaconda.org/conda-forge/linux-64/libgcc-ng-15.1.0-h69a702a_4.conda
      - conda: https://conda.anaconda.org/conda-forge/linux-64/libgfortran-15.1.0-h69a702a_4.conda
      - conda: https://conda.anaconda.org/conda-forge/linux-64/libgfortran5-15.1.0-hcea5267_4.conda
      - conda: https://conda.anaconda.org/conda-forge/linux-64/libgomp-15.1.0-h767d61c_4.conda
      - conda: https://conda.anaconda.org/conda-forge/linux-64/libklu-2.3.5-h95ff59c_7100101.conda
      - conda: https://conda.anaconda.org/conda-forge/linux-64/liblapack-3.9.0-34_h7ac8fdf_openblas.conda
      - conda: https://conda.anaconda.org/conda-forge/linux-64/libldl-3.3.2-hf02c80a_7100101.conda
      - conda: https://conda.anaconda.org/conda-forge/linux-64/liblzma-5.8.1-hb9d3cd8_2.conda
      - conda: https://conda.anaconda.org/conda-forge/linux-64/libnghttp2-1.64.0-h161d5f1_0.conda
      - conda: https://conda.anaconda.org/conda-forge/linux-64/libopenblas-0.3.30-pthreads_h94d23a6_2.conda
      - conda: https://conda.anaconda.org/conda-forge/linux-64/libparu-1.0.0-hc6afc67_7100101.conda
      - conda: https://conda.anaconda.org/conda-forge/linux-64/librbio-4.3.4-hf02c80a_7100101.conda
      - conda: https://conda.anaconda.org/conda-forge/linux-64/libsanitizer-14.3.0-hd08acf3_4.conda
      - conda: https://conda.anaconda.org/conda-forge/linux-64/libspex-3.2.3-h9226d62_7100101.conda
      - conda: https://conda.anaconda.org/conda-forge/linux-64/libspqr-4.3.4-h23b7119_7100101.conda
      - conda: https://conda.anaconda.org/conda-forge/linux-64/libssh2-1.11.1-hcf80075_0.conda
      - conda: https://conda.anaconda.org/conda-forge/linux-64/libstdcxx-15.1.0-h8f9b012_4.conda
      - conda: https://conda.anaconda.org/conda-forge/noarch/libstdcxx-devel_linux-64-14.3.0-h85bb3a7_104.conda
      - conda: https://conda.anaconda.org/conda-forge/linux-64/libstdcxx-ng-15.1.0-h4852527_4.conda
      - conda: https://conda.anaconda.org/conda-forge/linux-64/libsuitesparseconfig-7.10.1-h901830b_7100101.conda
      - conda: https://conda.anaconda.org/conda-forge/linux-64/libumfpack-6.3.5-h873dde6_7100101.conda
      - conda: https://conda.anaconda.org/conda-forge/linux-64/libuv-1.51.0-hb03c661_1.conda
      - conda: https://conda.anaconda.org/conda-forge/linux-64/libzlib-1.3.1-hb9d3cd8_2.conda
      - conda: https://conda.anaconda.org/conda-forge/linux-64/make-4.4.1-hb9d3cd8_2.conda
      - conda: https://conda.anaconda.org/conda-forge/linux-64/metis-5.1.0-hd0bcaf9_1007.conda
      - conda: https://conda.anaconda.org/conda-forge/linux-64/mpfr-4.2.1-h90cbb55_3.conda
      - conda: https://conda.anaconda.org/conda-forge/linux-64/ncurses-6.5-h2d0b736_3.conda
      - conda: https://conda.anaconda.org/conda-forge/linux-64/ninja-1.13.1-h171cf75_0.conda
      - conda: https://conda.anaconda.org/conda-forge/linux-64/openssl-3.5.2-h26f9b46_0.conda
      - conda: https://conda.anaconda.org/conda-forge/linux-64/pkg-config-0.29.2-h4bc722e_1009.conda
      - conda: https://conda.anaconda.org/conda-forge/linux-64/rhash-1.4.6-hb9d3cd8_1.conda
      - conda: https://conda.anaconda.org/conda-forge/linux-64/suitesparse-7.10.1-h5b2951e_7100101.conda
      - conda: https://conda.anaconda.org/conda-forge/noarch/sysroot_linux-64-2.28-h4ee821c_8.conda
      - conda: https://conda.anaconda.org/conda-forge/noarch/tzdata-2025b-h78e105d_0.conda
      - conda: https://conda.anaconda.org/conda-forge/linux-64/zstd-1.5.7-hb8e6e7a_2.conda
packages:
- conda: https://conda.anaconda.org/conda-forge/linux-64/_libgcc_mutex-0.1-conda_forge.tar.bz2
  sha256: fe51de6107f9edc7aa4f786a70f4a883943bc9d39b3bb7307c04c41410990726
  md5: d7c89558ba9fa0495403155b64376d81
  license: None
  size: 2562
  timestamp: 1578324546067
- conda: https://conda.anaconda.org/conda-forge/linux-64/_openmp_mutex-4.5-2_gnu.tar.bz2
  build_number: 16
  sha256: fbe2c5e56a653bebb982eda4876a9178aedfc2b545f25d0ce9c4c0b508253d22
  md5: 73aaf86a425cc6e73fcf236a5a46396d
  depends:
  - _libgcc_mutex 0.1 conda_forge
  - libgomp >=7.5.0
  constrains:
  - openmp_impl 9999
  license: BSD-3-Clause
  license_family: BSD
  size: 23621
  timestamp: 1650670423406
- conda: https://conda.anaconda.org/conda-forge/linux-64/binutils-2.44-h4852527_1.conda
  sha256: 3feccd1dd61bc18e41548d015e65f731400aa3ffe65802bc22ad772052d5326c
  md5: 0fab3ce18775aba71131028a04c20dfe
  depends:
  - binutils_impl_linux-64 >=2.44,<2.45.0a0
  license: GPL-3.0-only
  license_family: GPL
  size: 34998
  timestamp: 1752032786202
- conda: https://conda.anaconda.org/conda-forge/linux-64/binutils_impl_linux-64-2.44-h4bf12b8_1.conda
  sha256: 8556847f91a85c31ef65b05b7e9182a52775616d5d4e550dfb48cdee5fd35687
  md5: e45cfedc8ca5630e02c106ea36d2c5c6
  depends:
  - ld_impl_linux-64 2.44 h1423503_1
  - sysroot_linux-64
  license: GPL-3.0-only
  license_family: GPL
  size: 3781716
  timestamp: 1752032761608
- conda: https://conda.anaconda.org/conda-forge/linux-64/binutils_linux-64-2.44-h4852527_1.conda
  sha256: fbd94448d099a8c5fe7d9ec8c67171ab6e2f4221f453fe327de9b5aaf507f992
  md5: 38e0be090e3af56e44a9cac46101f6cd
  depends:
  - binutils_impl_linux-64 2.44 h4bf12b8_1
  license: GPL-3.0-only
  license_family: GPL
  size: 36046
  timestamp: 1752032788780
- conda: https://conda.anaconda.org/conda-forge/linux-64/bzip2-1.0.8-h4bc722e_7.conda
  sha256: 5ced96500d945fb286c9c838e54fa759aa04a7129c59800f0846b4335cee770d
  md5: 62ee74e96c5ebb0af99386de58cf9553
  depends:
  - __glibc >=2.17,<3.0.a0
  - libgcc-ng >=12
  license: bzip2-1.0.6
  license_family: BSD
  size: 252783
  timestamp: 1720974456583
- conda: https://conda.anaconda.org/conda-forge/linux-64/c-ares-1.34.5-hb9d3cd8_0.conda
  sha256: f8003bef369f57396593ccd03d08a8e21966157269426f71e943f96e4b579aeb
  md5: f7f0d6cc2dc986d42ac2689ec88192be
  depends:
  - __glibc >=2.17,<3.0.a0
  - libgcc >=13
  license: MIT
  license_family: MIT
  size: 206884
  timestamp: 1744127994291
- conda: https://conda.anaconda.org/conda-forge/linux-64/c-compiler-1.11.0-h4d9bdce_0.conda
  sha256: 8e7a40f16400d7839c82581410aa05c1f8324a693c9d50079f8c50dc9fb241f0
  md5: abd85120de1187b0d1ec305c2173c71b
  depends:
  - binutils
  - gcc
  - gcc_linux-64 14.*
  license: BSD-3-Clause
  license_family: BSD
  size: 6693
  timestamp: 1753098721814
- conda: https://conda.anaconda.org/conda-forge/noarch/ca-certificates-2025.8.3-hbd8a1cb_0.conda
  sha256: 837b795a2bb39b75694ba910c13c15fa4998d4bb2a622c214a6a5174b2ae53d1
  md5: 74784ee3d225fc3dca89edb635b4e5cc
  depends:
  - __unix
  license: ISC
  size: 154402
  timestamp: 1754210968730
- conda: https://conda.anaconda.org/conda-forge/linux-64/ceres-solver-2.2.0-cpuhbc9e029_7.conda
  sha256: 22b55c6e7d7d1f86c7bed8f06de9675b20de440da4ec953eab4bf8974a56e451
  md5: 125ce673a945e0b1bdc9283ad1f2c992
  depends:
  - __glibc >=2.17,<3.0.a0
  - eigen >=3.4.0,<3.4.1.0a0
  - glog >=0.7.1,<0.8.0a0
  - libamd >=3.3.3,<4.0a0
  - libbtf >=2.3.2,<3.0a0
  - libcamd >=3.3.3,<4.0a0
  - libccolamd >=3.3.4,<4.0a0
  - libcholmod >=5.3.1,<6.0a0
  - libcolamd >=3.3.4,<4.0a0
  - libcxsparse >=4.4.1,<5.0a0
  - libgcc >=14
  - libklu >=2.3.5,<3.0a0
  - liblapack >=3.9.0,<4.0a0
  - libldl >=3.3.2,<4.0a0
  - libparu >=1.0.0,<2.0a0
  - librbio >=4.3.4,<5.0a0
  - libspex >=3.2.3,<4.0a0
  - libspqr >=4.3.4,<5.0a0
  - libstdcxx >=14
  - libsuitesparseconfig >=7.10.1,<8.0a0
  - libumfpack >=6.3.5,<7.0a0
  - metis >=5.1.0,<5.1.1.0a0
  - suitesparse >=7.10.1,<8.0a0
  license: BSD-3-Clause
  license_family: BSD
  size: 1512498
  timestamp: 1752759956301
- conda: https://conda.anaconda.org/conda-forge/linux-64/cmake-4.1.1-hc85cc9f_0.conda
  sha256: 00f6c0883b8365e141a77d1777339817fe4c582e6cf1e39c69fb0b3eb4349b3a
  md5: c090226f6d82c9bb396948065c3808d9
  depends:
  - __glibc >=2.17,<3.0.a0
  - bzip2 >=1.0.8,<2.0a0
  - libcurl >=8.14.1,<9.0a0
  - libexpat >=2.7.1,<3.0a0
  - libgcc >=14
  - liblzma >=5.8.1,<6.0a0
  - libstdcxx >=14
  - libuv >=1.51.0,<2.0a0
  - libzlib >=1.3.1,<2.0a0
  - ncurses >=6.5,<7.0a0
  - rhash >=1.4.6,<2.0a0
  - zstd >=1.5.7,<1.6.0a0
  license: BSD-3-Clause
  license_family: BSD
  size: 21269028
  timestamp: 1756346325278
- conda: https://conda.anaconda.org/conda-forge/linux-64/compilers-1.11.0-ha770c72_0.conda
  sha256: 5709f2cbfeb8690317ba702611bdf711a502b417fecda6ad3313e501f6f8bd61
  md5: fdcf2e31dd960ef7c5daa9f2c95eff0e
  depends:
  - c-compiler 1.11.0 h4d9bdce_0
  - cxx-compiler 1.11.0 hfcd1e18_0
  - fortran-compiler 1.11.0 h9bea470_0
  license: BSD-3-Clause
  license_family: BSD
  size: 7482
  timestamp: 1753098722454
- conda: https://conda.anaconda.org/conda-forge/linux-64/conda-gcc-specs-14.3.0-hb991d5c_4.conda
  sha256: 275a7a6c627ded925e98a94162d4efd7ad578731915334831ee8881b34aecad1
  md5: b6025bc20bf223d68402821f181707fb
  depends:
  - gcc_impl_linux-64 >=14.3.0,<14.3.1.0a0
  license: GPL-3.0-only WITH GCC-exception-3.1
  license_family: GPL
  size: 33272
  timestamp: 1753905153853
- conda: https://conda.anaconda.org/conda-forge/linux-64/cxx-compiler-1.11.0-hfcd1e18_0.conda
  sha256: 3fcc97ae3e89c150401a50a4de58794ffc67b1ed0e1851468fcc376980201e25
  md5: 5da8c935dca9186673987f79cef0b2a5
  depends:
  - c-compiler 1.11.0 h4d9bdce_0
  - gxx
  - gxx_linux-64 14.*
  license: BSD-3-Clause
  license_family: BSD
  size: 6635
  timestamp: 1753098722177
- conda: https://conda.anaconda.org/conda-forge/linux-64/eigen-3.4.0-h00ab1b0_0.conda
  sha256: 53b15a98aadbe0704479bacaf7a5618fcb32d1577be320630674574241639b34
  md5: b1b879d6d093f55dd40d58b5eb2f0699
  depends:
  - libgcc-ng >=12
  - libstdcxx-ng >=12
  license: MPL-2.0
  license_family: MOZILLA
  size: 1088433
  timestamp: 1690272126173
- conda: https://conda.anaconda.org/conda-forge/linux-64/fortran-compiler-1.11.0-h9bea470_0.conda
  sha256: 53e5562ede83b478ebe9f4fc3d3b4eff5b627883f48aa0bf412e8fd90b5d6113
  md5: d5596f445a1273ddc5ea68864c01b69f
  depends:
  - binutils
  - c-compiler 1.11.0 h4d9bdce_0
  - gfortran
  - gfortran_linux-64 14.*
  license: BSD-3-Clause
  license_family: BSD
  size: 6656
  timestamp: 1753098722318
- conda: https://conda.anaconda.org/conda-forge/linux-64/gcc-14.3.0-h76bdaa0_4.conda
  sha256: ded010fa43178225054436cfc24c1cc74e1f17303f39442b5254422e2f8a0b2d
  md5: 7e8d408ed45953d8a9fd5e9c5d44ab2d
  depends:
  - conda-gcc-specs
  - gcc_impl_linux-64 14.3.0.*
  license: BSD-3-Clause
  license_family: BSD
  size: 31016
  timestamp: 1753905350635
- conda: https://conda.anaconda.org/conda-forge/linux-64/gcc_impl_linux-64-14.3.0-hd9e9e21_4.conda
  sha256: 70dd8f8cf040ffcb073c98651aaae614f4db4d76d0c9928a5aea0309a3b29722
  md5: 18005317e139bb60f4c5d3ef9cc46b85
  depends:
  - binutils_impl_linux-64 >=2.40
  - libgcc >=14.3.0
  - libgcc-devel_linux-64 14.3.0 h85bb3a7_104
  - libgomp >=14.3.0
  - libsanitizer 14.3.0 hd08acf3_4
  - libstdcxx >=14.3.0
  - sysroot_linux-64
  license: GPL-3.0-only WITH GCC-exception-3.1
  license_family: GPL
  size: 71083505
  timestamp: 1753904987887
- conda: https://conda.anaconda.org/conda-forge/linux-64/gcc_linux-64-14.3.0-h1382650_11.conda
  sha256: 0d7fe52c578ef99f03defe8cab5308124b388c694e88f5494716d11532a6d12a
  md5: 2e650506e6371ac4289c9bf7fc207f3b
  depends:
  - binutils_linux-64
  - gcc_impl_linux-64 14.3.0.*
  - sysroot_linux-64
  license: BSD-3-Clause
  license_family: BSD
  size: 32512
  timestamp: 1748905876846
- conda: https://conda.anaconda.org/conda-forge/linux-64/gflags-2.2.2-h5888daf_1005.conda
  sha256: 6c33bf0c4d8f418546ba9c250db4e4221040936aef8956353bc764d4877bc39a
  md5: d411fc29e338efb48c5fd4576d71d881
  depends:
  - __glibc >=2.17,<3.0.a0
  - libgcc >=13
  - libstdcxx >=13
  license: BSD-3-Clause
  license_family: BSD
  size: 119654
  timestamp: 1726600001928
- conda: https://conda.anaconda.org/conda-forge/linux-64/gfortran-14.3.0-he448592_4.conda
  sha256: e4df7bf95c5e5733ab3ad89271fbf1932ae2739eaff11f678c13e0726fd958e4
  md5: 6f88c38cdf941173e9aec76f967d4d28
  depends:
  - gcc 14.3.0.*
  - gcc_impl_linux-64 14.3.0.*
  - gfortran_impl_linux-64 14.3.0.*
  license: BSD-3-Clause
  license_family: BSD
  size: 30443
  timestamp: 1753905366595
- conda: https://conda.anaconda.org/conda-forge/linux-64/gfortran_impl_linux-64-14.3.0-h7db7018_4.conda
  sha256: 8f46b83ee8ad7b0c0a48366cbc2f6811be9eea1e685bbc5854093691ab4f9db9
  md5: 4cb71ecc31f139f8bf96963c53b5b8a1
  depends:
  - gcc_impl_linux-64 >=14.3.0
  - libgcc >=14.3.0
  - libgfortran5 >=14.3.0
  - libstdcxx >=14.3.0
  - sysroot_linux-64
  license: GPL-3.0-only WITH GCC-exception-3.1
  license_family: GPL
  size: 17003760
  timestamp: 1753905230834
- conda: https://conda.anaconda.org/conda-forge/linux-64/gfortran_linux-64-14.3.0-h30a37f7_11.conda
  sha256: 4075b0d224adbe0ec7f71586b80805d15d86164eab754851a1515e069b0aa222
  md5: 8caf7dd31e00bfdd2b00cc672ea6fa33
  depends:
  - binutils_linux-64
  - gcc_linux-64 14.3.0 h1382650_11
  - gfortran_impl_linux-64 14.3.0.*
  - sysroot_linux-64
  license: BSD-3-Clause
  license_family: BSD
  size: 30838
  timestamp: 1748905893216
- conda: https://conda.anaconda.org/conda-forge/linux-64/glog-0.7.1-hbabe93e_0.conda
  sha256: dc824dc1d0aa358e28da2ecbbb9f03d932d976c8dca11214aa1dcdfcbd054ba2
  md5: ff862eebdfeb2fd048ae9dc92510baca
  depends:
  - gflags >=2.2.2,<2.3.0a0
  - libgcc-ng >=12
  - libstdcxx-ng >=12
  license: BSD-3-Clause
  license_family: BSD
  size: 143452
  timestamp: 1718284177264
- conda: https://conda.anaconda.org/conda-forge/linux-64/gmp-6.3.0-hac33072_2.conda
  sha256: 309cf4f04fec0c31b6771a5809a1909b4b3154a2208f52351e1ada006f4c750c
  md5: c94a5994ef49749880a8139cf9afcbe1
  depends:
  - libgcc-ng >=12
  - libstdcxx-ng >=12
  license: GPL-2.0-or-later OR LGPL-3.0-or-later
  size: 460055
  timestamp: 1718980856608
- conda: https://conda.anaconda.org/conda-forge/linux-64/gxx-14.3.0-he448592_4.conda
  sha256: 5e92e1360a21dbbae2126dccdd37f97e34331fcccc5d76d12dbbad2fda1a5228
  md5: 26ccfde67e88b646e57a7e56ce4ef56d
  depends:
  - gcc 14.3.0.*
  - gxx_impl_linux-64 14.3.0.*
  license: BSD-3-Clause
  license_family: BSD
  size: 30420
  timestamp: 1753905382479
- conda: https://conda.anaconda.org/conda-forge/linux-64/gxx_impl_linux-64-14.3.0-he663afc_4.conda
  sha256: d37c0a50684e1bfb3cb7f8e417d8b42a43a0dbd0bd5fa4b41a46d26eddc2c4aa
  md5: 1f7b059bae1fc5e72ae23883e04abc48
  depends:
  - gcc_impl_linux-64 14.3.0 hd9e9e21_4
  - libstdcxx-devel_linux-64 14.3.0 h85bb3a7_104
  - sysroot_linux-64
  - tzdata
  license: GPL-3.0-only WITH GCC-exception-3.1
  license_family: GPL
  size: 15144697
  timestamp: 1753905289599
- conda: https://conda.anaconda.org/conda-forge/linux-64/gxx_linux-64-14.3.0-ha7acb78_11.conda
  sha256: 6c06752e4773dfd61a1928e9f7e9d21c3b97068daf27b84696c33057a091fe27
  md5: d4af016b3511135302a19f2a58544fcd
  depends:
  - binutils_linux-64
  - gcc_linux-64 14.3.0 h1382650_11
  - gxx_impl_linux-64 14.3.0.*
  - sysroot_linux-64
  license: BSD-3-Clause
  license_family: BSD
  size: 30802
  timestamp: 1748905895571
- conda: https://conda.anaconda.org/conda-forge/noarch/kernel-headers_linux-64-4.18.0-he073ed8_8.conda
  sha256: 305c22a251db227679343fd73bfde121e555d466af86e537847f4c8b9436be0d
  md5: ff007ab0f0fdc53d245972bba8a6d40c
  constrains:
  - sysroot_linux-64 ==2.28
  license: LGPL-2.0-or-later AND LGPL-2.0-or-later WITH exceptions AND GPL-2.0-or-later
  license_family: GPL
  size: 1272697
  timestamp: 1752669126073
- conda: https://conda.anaconda.org/conda-forge/linux-64/keyutils-1.6.3-hb9d3cd8_0.conda
  sha256: 0960d06048a7185d3542d850986d807c6e37ca2e644342dd0c72feefcf26c2a4
  md5: b38117a3c920364aff79f870c984b4a3
  depends:
  - __glibc >=2.17,<3.0.a0
  - libgcc >=13
  license: LGPL-2.1-or-later
  size: 134088
  timestamp: 1754905959823
- conda: https://conda.anaconda.org/conda-forge/linux-64/krb5-1.21.3-h659f571_0.conda
  sha256: 99df692f7a8a5c27cd14b5fb1374ee55e756631b9c3d659ed3ee60830249b238
  md5: 3f43953b7d3fb3aaa1d0d0723d91e368
  depends:
  - keyutils >=1.6.1,<2.0a0
  - libedit >=3.1.20191231,<3.2.0a0
  - libedit >=3.1.20191231,<4.0a0
  - libgcc-ng >=12
  - libstdcxx-ng >=12
  - openssl >=3.3.1,<4.0a0
  license: MIT
  license_family: MIT
  size: 1370023
  timestamp: 1719463201255
- conda: https://conda.anaconda.org/conda-forge/linux-64/ld_impl_linux-64-2.44-h1423503_1.conda
  sha256: 1a620f27d79217c1295049ba214c2f80372062fd251b569e9873d4a953d27554
  md5: 0be7c6e070c19105f966d3758448d018
  depends:
  - __glibc >=2.17,<3.0.a0
  constrains:
  - binutils_impl_linux-64 2.44
  license: GPL-3.0-only
  license_family: GPL
  size: 676044
  timestamp: 1752032747103
- conda: https://conda.anaconda.org/conda-forge/linux-64/libamd-3.3.3-h456b2da_7100101.conda
  sha256: 5fc32a5497c9919ffde729a604b0acfa97c403ce5b2b27b28ca261cf0c4643aa
  md5: a067596d679bcde85375143e7c374738
  depends:
  - __glibc >=2.17,<3.0.a0
  - libgfortran5 >=13.3.0
  - libgfortran
  - libgcc >=13
  - libsuitesparseconfig >=7.10.1,<8.0a0
  license: BSD-3-Clause
  license_family: BSD
  size: 48250
  timestamp: 1741963824815
- conda: https://conda.anaconda.org/conda-forge/linux-64/libblas-3.9.0-34_h59b9bed_openblas.conda
  build_number: 34
  sha256: 08a394ba934f68f102298259b150eb5c17a97c30c6da618e1baab4247366eab3
  md5: 064c22bac20fecf2a99838f9b979374c
  depends:
  - libopenblas >=0.3.30,<0.3.31.0a0
  - libopenblas >=0.3.30,<1.0a0
  constrains:
  - mkl <2025
  - blas 2.134   openblas
  - liblapacke 3.9.0   34*_openblas
  - libcblas   3.9.0   34*_openblas
  - liblapack  3.9.0   34*_openblas
  license: BSD-3-Clause
  license_family: BSD
  size: 19306
  timestamp: 1754678416811
- conda: https://conda.anaconda.org/conda-forge/linux-64/libbtf-2.3.2-hf02c80a_7100101.conda
  sha256: fe36f414f48ab87251f02aeef1fcbb6f3929322316842dada0f8142db2710264
  md5: 6f4aec52002defbdf3e24eb79e56a209
  depends:
  - libgcc >=13
  - __glibc >=2.17,<3.0.a0
  - libsuitesparseconfig >=7.10.1,<8.0a0
  license: LGPL-2.1-or-later
  size: 26913
  timestamp: 1741963824815
- conda: https://conda.anaconda.org/conda-forge/linux-64/libcamd-3.3.3-hf02c80a_7100101.conda
  sha256: 16e9ae4e173a8606b0b8be118dbdcf4e03c9dd9777eea6bf9dff4397133d0d06
  md5: 1c9d1532caadece8adc2d14c6d4fc726
  depends:
  - libgcc >=13
  - __glibc >=2.17,<3.0.a0
  - libsuitesparseconfig >=7.10.1,<8.0a0
  license: BSD-3-Clause
  license_family: BSD
  size: 44119
  timestamp: 1741963824815
- conda: https://conda.anaconda.org/conda-forge/linux-64/libcblas-3.9.0-34_he106b2a_openblas.conda
  build_number: 34
  sha256: edde454897c7889c0323216516abb570a593de728c585b14ef41eda2b08ddf3a
  md5: 148b531b5457ad666ed76ceb4c766505
  depends:
  - libblas 3.9.0 34_h59b9bed_openblas
  constrains:
  - liblapacke 3.9.0   34*_openblas
  - blas 2.134   openblas
  - liblapack  3.9.0   34*_openblas
  license: BSD-3-Clause
  license_family: BSD
  size: 19313
  timestamp: 1754678426220
- conda: https://conda.anaconda.org/conda-forge/linux-64/libccolamd-3.3.4-hf02c80a_7100101.conda
  sha256: cc90aa5e0ad1f7ae9a29d9a42aacd7f7f02aba0bf5467513bfda7e6b18a4cbc8
  md5: e5107e02dc4c2f9f41eef72d72c23517
  depends:
  - libgcc >=13
  - __glibc >=2.17,<3.0.a0
  - libsuitesparseconfig >=7.10.1,<8.0a0
  license: BSD-3-Clause
  license_family: BSD
  size: 41578
  timestamp: 1741963824815
- conda: https://conda.anaconda.org/conda-forge/linux-64/libcholmod-5.3.1-h9cf07ce_7100101.conda
  sha256: 69540315b4b8de93b383243334151ed19e98968baaa59440ba645a3bff68d765
  md5: f51e24ce110ae24c92074736a308e47e
  depends:
  - libgcc >=13
  - libstdcxx >=13
  - libgcc >=13
  - __glibc >=2.17,<3.0.a0
  - _openmp_mutex >=4.5
  - liblapack >=3.9.0,<4.0a0
  - libcolamd >=3.3.4,<4.0a0
  - libamd >=3.3.3,<4.0a0
  - libsuitesparseconfig >=7.10.1,<8.0a0
  - libccolamd >=3.3.4,<4.0a0
  - libblas >=3.9.0,<4.0a0
  - libcamd >=3.3.3,<4.0a0
  license: LGPL-2.1-or-later AND GPL-2.0-or-later AND Apache-2.0
  size: 990886
  timestamp: 1741963824815
- conda: https://conda.anaconda.org/conda-forge/linux-64/libcolamd-3.3.4-hf02c80a_7100101.conda
  sha256: 00d1b976b914f0c20ae6f81f4e4713fa87717542eba8757b9a3c9e8abcc29858
  md5: 56d4c5542887e8955f21f8546ad75d9d
  depends:
  - libgcc >=13
  - __glibc >=2.17,<3.0.a0
  - libsuitesparseconfig >=7.10.1,<8.0a0
  license: BSD-3-Clause
  license_family: BSD
  size: 33160
  timestamp: 1741963824815
- conda: https://conda.anaconda.org/conda-forge/linux-64/libcurl-8.14.1-h332b0f4_0.conda
  sha256: b6c5cf340a4f80d70d64b3a29a7d9885a5918d16a5cb952022820e6d3e79dc8b
  md5: 45f6713cb00f124af300342512219182
  depends:
  - __glibc >=2.17,<3.0.a0
  - krb5 >=1.21.3,<1.22.0a0
  - libgcc >=13
  - libnghttp2 >=1.64.0,<2.0a0
  - libssh2 >=1.11.1,<2.0a0
  - libzlib >=1.3.1,<2.0a0
  - openssl >=3.5.0,<4.0a0
  - zstd >=1.5.7,<1.6.0a0
  license: curl
  license_family: MIT
  size: 449910
  timestamp: 1749033146806
- conda: https://conda.anaconda.org/conda-forge/linux-64/libcxsparse-4.4.1-hf02c80a_7100101.conda
  sha256: ab40fc8a4662f550d053576a56db896247bc81eb291eff3811f24c231829e3dd
  md5: 917931d508582ef891bbac172294d9fb
  depends:
  - __glibc >=2.17,<3.0.a0
  - libgcc >=13
  - _openmp_mutex >=4.5
  - libsuitesparseconfig >=7.10.1,<8.0a0
  license: LGPL-2.1-or-later
  size: 113979
  timestamp: 1741963824815
- conda: https://conda.anaconda.org/conda-forge/linux-64/libedit-3.1.20250104-pl5321h7949ede_0.conda
  sha256: d789471216e7aba3c184cd054ed61ce3f6dac6f87a50ec69291b9297f8c18724
  md5: c277e0a4d549b03ac1e9d6cbbe3d017b
  depends:
  - ncurses
  - __glibc >=2.17,<3.0.a0
  - libgcc >=13
  - ncurses >=6.5,<7.0a0
  license: BSD-2-Clause
  license_family: BSD
  size: 134676
  timestamp: 1738479519902
- conda: https://conda.anaconda.org/conda-forge/linux-64/libev-4.33-hd590300_2.conda
  sha256: 1cd6048169fa0395af74ed5d8f1716e22c19a81a8a36f934c110ca3ad4dd27b4
  md5: 172bf1cd1ff8629f2b1179945ed45055
  depends:
  - libgcc-ng >=12
  license: BSD-2-Clause
  license_family: BSD
  size: 112766
  timestamp: 1702146165126
- conda: https://conda.anaconda.org/conda-forge/linux-64/libexpat-2.7.1-hecca717_0.conda
  sha256: da2080da8f0288b95dd86765c801c6e166c4619b910b11f9a8446fb852438dc2
  md5: 4211416ecba1866fab0c6470986c22d6
  depends:
  - __glibc >=2.17,<3.0.a0
  - libgcc >=14
  constrains:
  - expat 2.7.1.*
  license: MIT
  license_family: MIT
  size: 74811
  timestamp: 1752719572741
- conda: https://conda.anaconda.org/conda-forge/linux-64/libgcc-15.1.0-h767d61c_4.conda
  sha256: 144e35c1c2840f2dc202f6915fc41879c19eddbb8fa524e3ca4aa0d14018b26f
  md5: f406dcbb2e7bef90d793e50e79a2882b
  depends:
  - __glibc >=2.17,<3.0.a0
  - _openmp_mutex >=4.5
  constrains:
  - libgcc-ng ==15.1.0=*_4
  - libgomp 15.1.0 h767d61c_4
  license: GPL-3.0-only WITH GCC-exception-3.1
  license_family: GPL
  size: 824153
  timestamp: 1753903866511
- conda: https://conda.anaconda.org/conda-forge/noarch/libgcc-devel_linux-64-14.3.0-h85bb3a7_104.conda
  sha256: e655874112406dcf3c356a546c2cf051393985aeb36704962dc00d8da2bf95c2
  md5: d8e4f3677752c5dc9b77a9f11b484c9d
  depends:
  - __unix
  license: GPL-3.0-only WITH GCC-exception-3.1
  license_family: GPL
  size: 2725618
  timestamp: 1753904712267
- conda: https://conda.anaconda.org/conda-forge/linux-64/libgcc-ng-15.1.0-h69a702a_4.conda
  sha256: 76ceac93ed98f208363d6e9c75011b0ff7b97b20f003f06461a619557e726637
  md5: 28771437ffcd9f3417c66012dc49a3be
  depends:
  - libgcc 15.1.0 h767d61c_4
  license: GPL-3.0-only WITH GCC-exception-3.1
  license_family: GPL
  size: 29249
  timestamp: 1753903872571
- conda: https://conda.anaconda.org/conda-forge/linux-64/libgfortran-15.1.0-h69a702a_4.conda
  sha256: 2fe41683928eb3c57066a60ec441e605a69ce703fc933d6d5167debfeba8a144
  md5: 53e876bc2d2648319e94c33c57b9ec74
  depends:
  - libgfortran5 15.1.0 hcea5267_4
  constrains:
  - libgfortran-ng ==15.1.0=*_4
  license: GPL-3.0-only WITH GCC-exception-3.1
  license_family: GPL
  size: 29246
  timestamp: 1753903898593
- conda: https://conda.anaconda.org/conda-forge/linux-64/libgfortran5-15.1.0-hcea5267_4.conda
  sha256: 3070e5e2681f7f2fb7af0a81b92213f9ab430838900da8b4f9b8cf998ddbdd84
  md5: 8a4ab7ff06e4db0be22485332666da0f
  depends:
  - __glibc >=2.17,<3.0.a0
  - libgcc >=15.1.0
  constrains:
  - libgfortran 15.1.0
  license: GPL-3.0-only WITH GCC-exception-3.1
  license_family: GPL
  size: 1564595
  timestamp: 1753903882088
- conda: https://conda.anaconda.org/conda-forge/linux-64/libgomp-15.1.0-h767d61c_4.conda
  sha256: e0487a8fec78802ac04da0ac1139c3510992bc58a58cde66619dde3b363c2933
  md5: 3baf8976c96134738bba224e9ef6b1e5
  depends:
  - __glibc >=2.17,<3.0.a0
  license: GPL-3.0-only WITH GCC-exception-3.1
  license_family: GPL
  size: 447289
  timestamp: 1753903801049
- conda: https://conda.anaconda.org/conda-forge/linux-64/libklu-2.3.5-h95ff59c_7100101.conda
  sha256: 6b4d462642c240dc3671af74f7705b23f34eea0f71e0d9dbcf14b4ed008311ff
  md5: efaa5e7dc6989363585fbb591480b256
  depends:
  - libgcc >=13
  - __glibc >=2.17,<3.0.a0
  - _openmp_mutex >=4.5
  - metis >=5.1.0,<5.1.1.0a0
  - libcamd >=3.3.3,<4.0a0
  - liblapack >=3.9.0,<4.0a0
  - libcblas >=3.9.0,<4.0a0
  - libsuitesparseconfig >=7.10.1,<8.0a0
  - libcolamd >=3.3.4,<4.0a0
  - libamd >=3.3.3,<4.0a0
  - libcholmod >=5.3.1,<6.0a0
  - libblas >=3.9.0,<4.0a0
  - libbtf >=2.3.2,<3.0a0
  - libccolamd >=3.3.4,<4.0a0
  license: LGPL-2.1-or-later
  size: 131775
  timestamp: 1741963824816
- conda: https://conda.anaconda.org/conda-forge/linux-64/liblapack-3.9.0-34_h7ac8fdf_openblas.conda
  build_number: 34
  sha256: 9c941d5da239f614b53065bc5f8a705899326c60c9f349d9fbd7bd78298f13ab
  md5: f05a31377b4d9a8d8740f47d1e70b70e
  depends:
  - libblas 3.9.0 34_h59b9bed_openblas
  constrains:
  - liblapacke 3.9.0   34*_openblas
  - libcblas   3.9.0   34*_openblas
  - blas 2.134   openblas
  license: BSD-3-Clause
  license_family: BSD
  size: 19324
  timestamp: 1754678435277
- conda: https://conda.anaconda.org/conda-forge/linux-64/libldl-3.3.2-hf02c80a_7100101.conda
  sha256: 590232cd302047023ab31b80458833a71b10aeabee7474304dc65db322b5cd70
  md5: 19b71122fea7f6b1c4815f385b2da419
  depends:
  - __glibc >=2.17,<3.0.a0
  - libgcc >=13
  - libsuitesparseconfig >=7.10.1,<8.0a0
  license: LGPL-2.1-or-later
  size: 23391
  timestamp: 1741963824815
- conda: https://conda.anaconda.org/conda-forge/linux-64/liblzma-5.8.1-hb9d3cd8_2.conda
  sha256: f2591c0069447bbe28d4d696b7fcb0c5bd0b4ac582769b89addbcf26fb3430d8
  md5: 1a580f7796c7bf6393fddb8bbbde58dc
  depends:
  - __glibc >=2.17,<3.0.a0
  - libgcc >=13
  constrains:
  - xz 5.8.1.*
  license: 0BSD
  size: 112894
  timestamp: 1749230047870
- conda: https://conda.anaconda.org/conda-forge/linux-64/libnghttp2-1.64.0-h161d5f1_0.conda
  sha256: b0f2b3695b13a989f75d8fd7f4778e1c7aabe3b36db83f0fe80b2cd812c0e975
  md5: 19e57602824042dfd0446292ef90488b
  depends:
  - __glibc >=2.17,<3.0.a0
  - c-ares >=1.32.3,<2.0a0
  - libev >=4.33,<4.34.0a0
  - libev >=4.33,<5.0a0
  - libgcc >=13
  - libstdcxx >=13
  - libzlib >=1.3.1,<2.0a0
  - openssl >=3.3.2,<4.0a0
  license: MIT
  license_family: MIT
  size: 647599
  timestamp: 1729571887612
- conda: https://conda.anaconda.org/conda-forge/linux-64/libopenblas-0.3.30-pthreads_h94d23a6_2.conda
  sha256: 1b51d1f96e751dc945cc06f79caa91833b0c3326efe24e9b506bd64ef49fc9b0
  md5: dfc5aae7b043d9f56ba99514d5e60625
  depends:
  - __glibc >=2.17,<3.0.a0
  - libgcc >=14
  - libgfortran
  - libgfortran5 >=14.3.0
  constrains:
  - openblas >=0.3.30,<0.3.31.0a0
  license: BSD-3-Clause
  license_family: BSD
  size: 5938936
  timestamp: 1755474342204
- conda: https://conda.anaconda.org/conda-forge/linux-64/libparu-1.0.0-hc6afc67_7100101.conda
  sha256: 50144e87b95d1309d2043aa5bf02035b948b1ae9ec6ec44ee97b7aec1cccd70a
  md5: fd1d3e26c1b12c70f7449369ae3d9c1a
  depends:
  - libgcc >=13
  - libstdcxx >=13
  - libgcc >=13
  - __glibc >=2.17,<3.0.a0
  - _openmp_mutex >=4.5
  - libsuitesparseconfig >=7.10.1,<8.0a0
  - libblas >=3.9.0,<4.0a0
  - libumfpack >=6.3.5,<7.0a0
  license: GPL-3.0-or-later
  license_family: GPL
  size: 89738
  timestamp: 1741963824815
- conda: https://conda.anaconda.org/conda-forge/linux-64/librbio-4.3.4-hf02c80a_7100101.conda
  sha256: c502b4203cc0d38f49005994b5c80c89660bcd40ff170c529cda90827ec6b1f4
  md5: 4b3a3d711d1c1f76f7f440e51458f512
  depends:
  - __glibc >=2.17,<3.0.a0
  - libgcc >=13
  - libsuitesparseconfig >=7.10.1,<8.0a0
  license: GPL-2.0-or-later
  license_family: GPL
  size: 46633
  timestamp: 1741963824815
- conda: https://conda.anaconda.org/conda-forge/linux-64/libsanitizer-14.3.0-hd08acf3_4.conda
  sha256: 9d28a094f14bef4b96446534414bd20c104bbc2f557cc76ecbc9343389b87e5c
  md5: a42368edbd3a672bad21c1fe8d307dce
  depends:
  - __glibc >=2.17,<3.0.a0
  - libgcc >=14.3.0
  - libstdcxx >=14.3.0
  license: GPL-3.0-only WITH GCC-exception-3.1
  license_family: GPL
  size: 5069018
  timestamp: 1753904903838
- conda: https://conda.anaconda.org/conda-forge/linux-64/libspex-3.2.3-h9226d62_7100101.conda
  sha256: 24dffff614943c547ba094f8eb03b412a18cc4654663202f1aab9158bfa875ba
  md5: 63323b258079a75133ccecbb0902614d
  depends:
  - libgcc >=13
  - __glibc >=2.17,<3.0.a0
  - _openmp_mutex >=4.5
  - libamd >=3.3.3,<4.0a0
  - libcolamd >=3.3.4,<4.0a0
  - libsuitesparseconfig >=7.10.1,<8.0a0
  - gmp >=6.3.0,<7.0a0
  - mpfr >=4.2.1,<5.0a0
  license: LGPL-2.0-or-later
  license_family: LGPL
  size: 79220
  timestamp: 1741963824815
- conda: https://conda.anaconda.org/conda-forge/linux-64/libspqr-4.3.4-h23b7119_7100101.conda
  sha256: 52851575496122f9088c9f5a4283da7fbb277d9a877b5ce60a939554df542f3c
  md5: c1ee33a71065c1f0efd9c8174d5f18b0
  depends:
  - libgcc >=13
  - libstdcxx >=13
  - libgcc >=13
  - __glibc >=2.17,<3.0.a0
  - libcholmod >=5.3.1,<6.0a0
  - libblas >=3.9.0,<4.0a0
  - liblapack >=3.9.0,<4.0a0
  - libsuitesparseconfig >=7.10.1,<8.0a0
  license: GPL-2.0-or-later
  license_family: GPL
  size: 203419
  timestamp: 1741963824816
- conda: https://conda.anaconda.org/conda-forge/linux-64/libssh2-1.11.1-hcf80075_0.conda
  sha256: fa39bfd69228a13e553bd24601332b7cfeb30ca11a3ca50bb028108fe90a7661
  md5: eecce068c7e4eddeb169591baac20ac4
  depends:
  - __glibc >=2.17,<3.0.a0
  - libgcc >=13
  - libzlib >=1.3.1,<2.0a0
  - openssl >=3.5.0,<4.0a0
  license: BSD-3-Clause
  license_family: BSD
  size: 304790
  timestamp: 1745608545575
- conda: https://conda.anaconda.org/conda-forge/linux-64/libstdcxx-15.1.0-h8f9b012_4.conda
  sha256: b5b239e5fca53ff90669af1686c86282c970dd8204ebf477cf679872eb6d48ac
  md5: 3c376af8888c386b9d3d1c2701e2f3ab
  depends:
  - __glibc >=2.17,<3.0.a0
  - libgcc 15.1.0 h767d61c_4
  license: GPL-3.0-only WITH GCC-exception-3.1
  license_family: GPL
  size: 3903453
  timestamp: 1753903894186
- conda: https://conda.anaconda.org/conda-forge/noarch/libstdcxx-devel_linux-64-14.3.0-h85bb3a7_104.conda
  sha256: f912644de2d2770042abf1a7646eff4350644e6dfea64c816dca0c3f62a94fbe
  md5: c8d0b75a145e4cc3525df0343146c459
  depends:
  - __unix
  license: GPL-3.0-only WITH GCC-exception-3.1
  license_family: GPL
  size: 14630918
  timestamp: 1753904753558
- conda: https://conda.anaconda.org/conda-forge/linux-64/libstdcxx-ng-15.1.0-h4852527_4.conda
  sha256: 81c841c1cf4c0d06414aaa38a249f9fdd390554943065c3a0b18a9fb7e8cc495
  md5: 2d34729cbc1da0ec988e57b13b712067
  depends:
  - libstdcxx 15.1.0 h8f9b012_4
  license: GPL-3.0-only WITH GCC-exception-3.1
  license_family: GPL
  size: 29317
  timestamp: 1753903924491
- conda: https://conda.anaconda.org/conda-forge/linux-64/libsuitesparseconfig-7.10.1-h901830b_7100101.conda
  sha256: d8f32a0b0ee17fbace7af4bd34ad554cc855b9c18e0aeccf8395e1478c161f37
  md5: 57ae1dd979da7aa88a9b38bfa2e1d6b2
  depends:
  - libgcc >=13
  - __glibc >=2.17,<3.0.a0
  - libgfortran5 >=13.3.0
  - libgfortran
  - libgcc >=13
  - _openmp_mutex >=4.5
  license: BSD-3-Clause
  license_family: BSD
  size: 42708
  timestamp: 1741963824815
- conda: https://conda.anaconda.org/conda-forge/linux-64/libumfpack-6.3.5-h873dde6_7100101.conda
  sha256: 9a2c0049210c0223084c29b39404ad6da6538e7a4d1ed74ee8423212998fd686
  md5: 9626fc7667bc6c901c7a0a4004938c71
  depends:
  - __glibc >=2.17,<3.0.a0
  - libgcc >=13
  - libsuitesparseconfig >=7.10.1,<8.0a0
  - libcholmod >=5.3.1,<6.0a0
  - libblas >=3.9.0,<4.0a0
  - libamd >=3.3.3,<4.0a0
  license: GPL-2.0-or-later
  license_family: GPL
  size: 404065
  timestamp: 1741963824815
- conda: https://conda.anaconda.org/conda-forge/linux-64/libuv-1.51.0-hb03c661_1.conda
  sha256: c180f4124a889ac343fc59d15558e93667d894a966ec6fdb61da1604481be26b
  md5: 0f03292cc56bf91a077a134ea8747118
  depends:
  - __glibc >=2.17,<3.0.a0
  - libgcc >=14
  license: MIT
  license_family: MIT
  size: 895108
  timestamp: 1753948278280
- conda: https://conda.anaconda.org/conda-forge/linux-64/libzlib-1.3.1-hb9d3cd8_2.conda
  sha256: d4bfe88d7cb447768e31650f06257995601f89076080e76df55e3112d4e47dc4
  md5: edb0dca6bc32e4f4789199455a1dbeb8
  depends:
  - __glibc >=2.17,<3.0.a0
  - libgcc >=13
  constrains:
  - zlib 1.3.1 *_2
  license: Zlib
  license_family: Other
  size: 60963
  timestamp: 1727963148474
- conda: https://conda.anaconda.org/conda-forge/linux-64/make-4.4.1-hb9d3cd8_2.conda
  sha256: d652c7bd4d3b6f82b0f6d063b0d8df6f54cc47531092d7ff008e780f3261bdda
  md5: 33405d2a66b1411db9f7242c8b97c9e7
  depends:
  - __glibc >=2.17,<3.0.a0
  - libgcc >=13
  license: GPL-3.0-or-later
  license_family: GPL
  size: 513088
  timestamp: 1727801714848
- conda: https://conda.anaconda.org/conda-forge/linux-64/metis-5.1.0-hd0bcaf9_1007.conda
  sha256: e8a00971e6d00bd49f375c5d8d005b37a9abba0b1768533aed0f90a422bf5cc7
  md5: 28eb714416de4eb83e2cbc47e99a1b45
  depends:
  - __glibc >=2.17,<3.0.a0
  - libgcc >=13
  - libstdcxx >=13
  license: Apache-2.0
  license_family: APACHE
  size: 3923560
  timestamp: 1728064567817
- conda: https://conda.anaconda.org/conda-forge/linux-64/mpfr-4.2.1-h90cbb55_3.conda
  sha256: f25d2474dd557ca66c6231c8f5ace5af312efde1ba8290a6ea5e1732a4e669c0
  md5: 2eeb50cab6652538eee8fc0bc3340c81
  depends:
  - __glibc >=2.17,<3.0.a0
  - gmp >=6.3.0,<7.0a0
  - libgcc >=13
  license: LGPL-3.0-only
  license_family: LGPL
  size: 634751
  timestamp: 1725746740014
- conda: https://conda.anaconda.org/conda-forge/linux-64/ncurses-6.5-h2d0b736_3.conda
  sha256: 3fde293232fa3fca98635e1167de6b7c7fda83caf24b9d6c91ec9eefb4f4d586
  md5: 47e340acb35de30501a76c7c799c41d7
  depends:
  - __glibc >=2.17,<3.0.a0
  - libgcc >=13
  license: X11 AND BSD-3-Clause
  size: 891641
  timestamp: 1738195959188
- conda: https://conda.anaconda.org/conda-forge/linux-64/ninja-1.13.1-h171cf75_0.conda
  sha256: 1522b6d4a55af3b5a4475db63a608aad4c250af9f05050064298dcebe5957d38
  md5: 6567fa1d9ca189076d9443a0b125541c
  depends:
  - libstdcxx >=14
  - libgcc >=14
  - __glibc >=2.17,<3.0.a0
  license: Apache-2.0
  license_family: APACHE
  size: 186326
  timestamp: 1752218296032
- conda: https://conda.anaconda.org/conda-forge/linux-64/openssl-3.5.2-h26f9b46_0.conda
  sha256: c9f54d4e8212f313be7b02eb962d0cb13a8dae015683a403d3accd4add3e520e
  md5: ffffb341206dd0dab0c36053c048d621
  depends:
  - __glibc >=2.17,<3.0.a0
  - ca-certificates
  - libgcc >=14
  license: Apache-2.0
  license_family: Apache
  size: 3128847
  timestamp: 1754465526100
- conda: https://conda.anaconda.org/conda-forge/linux-64/pkg-config-0.29.2-h4bc722e_1009.conda
  sha256: c9601efb1af5391317e04eca77c6fe4d716bf1ca1ad8da2a05d15cb7c28d7d4e
  md5: 1bee70681f504ea424fb07cdb090c001
  depends:
  - __glibc >=2.17,<3.0.a0
  - libgcc-ng >=12
  license: GPL-2.0-or-later
  license_family: GPL
  size: 115175
  timestamp: 1720805894943
- conda: https://conda.anaconda.org/conda-forge/linux-64/rhash-1.4.6-hb9d3cd8_1.conda
  sha256: d5c73079c1dd2c2a313c3bfd81c73dbd066b7eb08d213778c8bff520091ae894
  md5: c1c9b02933fdb2cfb791d936c20e887e
  depends:
  - __glibc >=2.17,<3.0.a0
  - libgcc >=13
  license: MIT
  license_family: MIT
  size: 193775
  timestamp: 1748644872902
- conda: https://conda.anaconda.org/conda-forge/linux-64/suitesparse-7.10.1-h5b2951e_7100101.conda
  sha256: 7c1c5bd2ba8385202ac3cb4c9c7f9bb87a2e677e977afd72c910314c014b28be
  md5: e927e0f248a498050443dab8bb1203a9
  depends:
  - libsuitesparseconfig ==7.10.1 h901830b_7100101
  - libamd ==3.3.3 h456b2da_7100101
  - libbtf ==2.3.2 hf02c80a_7100101
  - libcamd ==3.3.3 hf02c80a_7100101
  - libccolamd ==3.3.4 hf02c80a_7100101
  - libcolamd ==3.3.4 hf02c80a_7100101
  - libcholmod ==5.3.1 h9cf07ce_7100101
  - libcxsparse ==4.4.1 hf02c80a_7100101
  - libldl ==3.3.2 hf02c80a_7100101
  - libklu ==2.3.5 h95ff59c_7100101
  - libumfpack ==6.3.5 h873dde6_7100101
  - libparu ==1.0.0 hc6afc67_7100101
  - librbio ==4.3.4 hf02c80a_7100101
  - libspex ==3.2.3 h9226d62_7100101
  - libspqr ==4.3.4 h23b7119_7100101
  license: LGPL-2.1-or-later AND BSD-3-Clause AND GPL-2.0-or-later AND Apache-2.0
  size: 12135
  timestamp: 1741963824816
- conda: https://conda.anaconda.org/conda-forge/noarch/sysroot_linux-64-2.28-h4ee821c_8.conda
  sha256: 0053c17ffbd9f8af1a7f864995d70121c292e317804120be4667f37c92805426
  md5: 1bad93f0aa428d618875ef3a588a889e
  depends:
  - __glibc >=2.28
  - kernel-headers_linux-64 4.18.0 he073ed8_8
  - tzdata
  license: LGPL-2.0-or-later AND LGPL-2.0-or-later WITH exceptions AND GPL-2.0-or-later
  license_family: GPL
  size: 24210909
  timestamp: 1752669140965
- conda: https://conda.anaconda.org/conda-forge/noarch/tzdata-2025b-h78e105d_0.conda
  sha256: 5aaa366385d716557e365f0a4e9c3fca43ba196872abbbe3d56bb610d131e192
  md5: 4222072737ccff51314b5ece9c7d6f5a
  license: LicenseRef-Public-Domain
  size: 122968
  timestamp: 1742727099393
- conda: https://conda.anaconda.org/conda-forge/linux-64/zstd-1.5.7-hb8e6e7a_2.conda
  sha256: a4166e3d8ff4e35932510aaff7aa90772f84b4d07e9f6f83c614cba7ceefe0eb
  md5: 6432cb5d4ac0046c3ac0a8a0f95842f9
  depends:
  - __glibc >=2.17,<3.0.a0
  - libgcc >=13
  - libstdcxx >=13
  - libzlib >=1.3.1,<2.0a0
  license: BSD-3-Clause
  license_family: BSD
  size: 567578
  timestamp: 1742433379869
